
Microsoft Visual Studio Solution File, Format Version 12.00
# Visual Studio 15
VisualStudioVersion = 15.0.27130.2027
MinimumVisualStudioVersion = 10.0.40219.1
Project("{FAE04EC0-301F-11D3-BF4B-00C04F79EFBC}") = "PilotNumberInWordPlugin", "NumberInWord\PilotNumberInWordPlugin.csproj", "{75E81490-F1CF-4C9F-90A2-2056D115E70C}"
EndProject
Project("{FAE04EC0-301F-11D3-BF4B-00C04F79EFBC}") = "NumberInWords", "NumberInWords\NumberInWords.csproj", "{B13B0E1A-5E96-4CAC-8467-A048371C7094}"
EndProject
Project("{FAE04EC0-301F-11D3-BF4B-00C04F79EFBC}") = "NumberInWords.Test", "NumberInWords.Test\NumberInWords.Test.csproj", "{44A679A8-D9CE-43BF-8CBE-8969E4AA4564}"
EndProject
Global
	GlobalSection(SolutionConfigurationPlatforms) = preSolution
		Debug|Any CPU = Debug|Any CPU
		Release|Any CPU = Release|Any CPU
	EndGlobalSection
	GlobalSection(ProjectConfigurationPlatforms) = postSolution
		{75E81490-F1CF-4C9F-90A2-2056D115E70C}.Debug|Any CPU.ActiveCfg = Debug|Any CPU
		{75E81490-F1CF-4C9F-90A2-2056D115E70C}.Debug|Any CPU.Build.0 = Debug|Any CPU
		{75E81490-F1CF-4C9F-90A2-2056D115E70C}.Release|Any CPU.ActiveCfg = Release|Any CPU
		{75E81490-F1CF-4C9F-90A2-2056D115E70C}.Release|Any CPU.Build.0 = Release|Any CPU
		{B13B0E1A-5E96-4CAC-8467-A048371C7094}.Debug|Any CPU.ActiveCfg = Debug|Any CPU
		{B13B0E1A-5E96-4CAC-8467-A048371C7094}.Debug|Any CPU.Build.0 = Debug|Any CPU
		{B13B0E1A-5E96-4CAC-8467-A048371C7094}.Release|Any CPU.ActiveCfg = Release|Any CPU
		{B13B0E1A-5E96-4CAC-8467-A048371C7094}.Release|Any CPU.Build.0 = Release|Any CPU
		{44A679A8-D9CE-43BF-8CBE-8969E4AA4564}.Debug|Any CPU.ActiveCfg = Debug|Any CPU
		{44A679A8-D9CE-43BF-8CBE-8969E4AA4564}.Debug|Any CPU.Build.0 = Debug|Any CPU
		{44A679A8-D9CE-43BF-8CBE-8969E4AA4564}.Release|Any CPU.ActiveCfg = Release|Any CPU
		{44A679A8-D9CE-43BF-8CBE-8969E4AA4564}.Release|Any CPU.Build.0 = Release|Any CPU
	EndGlobalSection
	GlobalSection(SolutionProperties) = preSolution
		HideSolutionNode = FALSE
	EndGlobalSection
	GlobalSection(ExtensibilityGlobals) = postSolution
		SolutionGuid = {989D9031-8D15-40CF-B5B3-0DB5E23308E7}
	EndGlobalSection
EndGlobal
